// !$*UTF8*$!
{
	archiveVersion = 1;
	classes = {
	};
	objectVersion = 55;
	objects = {

/* Begin PBXBuildFile section */
		8D6A385328C8B8EE0038C6CF /* MindMapAppApp.swift in Sources */ = {isa = PBXBuildFile; fileRef = 8D6A385228C8B8EE0038C6CF /* MindMapAppApp.swift */; };
		8D6A385528C8B8EE0038C6CF /* ContentView.swift in Sources */ = {isa = PBXBuildFile; fileRef = 8D6A385428C8B8EE0038C6CF /* ContentView.swift */; };
		8D6A385728C8B8F10038C6CF /* Assets.xcassets in Resources */ = {isa = PBXBuildFile; fileRef = 8D6A385628C8B8F10038C6CF /* Assets.xcassets */; };
		8D6A385A28C8B8F10038C6CF /* Preview Assets.xcassets in Resources */ = {isa = PBXBuildFile; fileRef = 8D6A385928C8B8F10038C6CF /* Preview Assets.xcassets */; };
		8D96325C28C8DE7E005674E3 /* LocationPreviewView.swift in Sources */ = {isa = PBXBuildFile; fileRef = 8D96325B28C8DE7E005674E3 /* LocationPreviewView.swift */; };
		8D96326028CA0773005674E3 /* MapPinView.swift in Sources */ = {isa = PBXBuildFile; fileRef = 8D96325F28CA0773005674E3 /* MapPinView.swift */; };
		8D96326228CA0B7A005674E3 /* LocationDetailView.swift in Sources */ = {isa = PBXBuildFile; fileRef = 8D96326128CA0B7A005674E3 /* LocationDetailView.swift */; };
		8DC778B328C8BC2D007C3EB5 /* Location.swift in Sources */ = {isa = PBXBuildFile; fileRef = 8DC778B228C8BC2D007C3EB5 /* Location.swift */; };
		8DC778B628C8BE01007C3EB5 /* LocationsDataService.swift in Sources */ = {isa = PBXBuildFile; fileRef = 8DC778B528C8BE01007C3EB5 /* LocationsDataService.swift */; };
		8DC778B828C8BFDF007C3EB5 /* LocationView.swift in Sources */ = {isa = PBXBuildFile; fileRef = 8DC778B728C8BFDF007C3EB5 /* LocationView.swift */; };
		8DC778BA28C8C2EF007C3EB5 /* LocationViewModel.swift in Sources */ = {isa = PBXBuildFile; fileRef = 8DC778B928C8C2EF007C3EB5 /* LocationViewModel.swift */; };
		8DC778BC28C8D0B8007C3EB5 /* LocationsListView.swift in Sources */ = {isa = PBXBuildFile; fileRef = 8DC778BB28C8D0B8007C3EB5 /* LocationsListView.swift */; };
		8DCF675428CF4535004C9796 /* LocationJSON.swift in Sources */ = {isa = PBXBuildFile; fileRef = 8DCF675328CF4535004C9796 /* LocationJSON.swift */; };
		8DCF675628CF4A9C004C9796 /* 1.json in Resources */ = {isa = PBXBuildFile; fileRef = 8DCF675528CF4A9C004C9796 /* 1.json */; };
		8DCF675828CF4D62004C9796 /* Extension.swift in Sources */ = {isa = PBXBuildFile; fileRef = 8DCF675728CF4D62004C9796 /* Extension.swift */; };
/* End PBXBuildFile section */

/* Begin PBXFileReference section */
		8D6A384F28C8B8EE0038C6CF /* MindMapApp.app */ = {isa = PBXFileReference; explicitFileType = wrapper.application; includeInIndex = 0; path = MindMapApp.app; sourceTree = BUILT_PRODUCTS_DIR; };
		8D6A385228C8B8EE0038C6CF /* MindMapAppApp.swift */ = {isa = PBXFileReference; lastKnownFileType = sourcecode.swift; path = MindMapAppApp.swift; sourceTree = "<group>"; };
		8D6A385428C8B8EE0038C6CF /* ContentView.swift */ = {isa = PBXFileReference; lastKnownFileType = sourcecode.swift; path = ContentView.swift; sourceTree = "<group>"; };
		8D6A385628C8B8F10038C6CF /* Assets.xcassets */ = {isa = PBXFileReference; lastKnownFileType = folder.assetcatalog; path = Assets.xcassets; sourceTree = "<group>"; };
		8D6A385928C8B8F10038C6CF /* Preview Assets.xcassets */ = {isa = PBXFileReference; lastKnownFileType = folder.assetcatalog; path = "Preview Assets.xcassets"; sourceTree = "<group>"; };
		8D96325B28C8DE7E005674E3 /* LocationPreviewView.swift */ = {isa = PBXFileReference; lastKnownFileType = sourcecode.swift; path = LocationPreviewView.swift; sourceTree = "<group>"; };
		8D96325F28CA0773005674E3 /* MapPinView.swift */ = {isa = PBXFileReference; lastKnownFileType = sourcecode.swift; path = MapPinView.swift; sourceTree = "<group>"; };
		8D96326128CA0B7A005674E3 /* LocationDetailView.swift */ = {isa = PBXFileReference; lastKnownFileType = sourcecode.swift; path = LocationDetailView.swift; sourceTree = "<group>"; };
		8D96326328CA1E24005674E3 /* Info.plist */ = {isa = PBXFileReference; lastKnownFileType = text.plist; path = Info.plist; sourceTree = "<group>"; };
		8DC778B228C8BC2D007C3EB5 /* Location.swift */ = {isa = PBXFileReference; lastKnownFileType = sourcecode.swift; path = Location.swift; sourceTree = "<group>"; };
		8DC778B528C8BE01007C3EB5 /* LocationsDataService.swift */ = {isa = PBXFileReference; fileEncoding = 4; lastKnownFileType = sourcecode.swift; name = LocationsDataService.swift; path = MindMapApp/LocationsDataService.swift; sourceTree = SOURCE_ROOT; };
		8DC778B728C8BFDF007C3EB5 /* LocationView.swift */ = {isa = PBXFileReference; lastKnownFileType = sourcecode.swift; path = LocationView.swift; sourceTree = "<group>"; };
		8DC778B928C8C2EF007C3EB5 /* LocationViewModel.swift */ = {isa = PBXFileReference; lastKnownFileType = sourcecode.swift; path = LocationViewModel.swift; sourceTree = "<group>"; };
		8DC778BB28C8D0B8007C3EB5 /* LocationsListView.swift */ = {isa = PBXFileReference; lastKnownFileType = sourcecode.swift; path = LocationsListView.swift; sourceTree = "<group>"; };
		8DCF675328CF4535004C9796 /* LocationJSON.swift */ = {isa = PBXFileReference; lastKnownFileType = sourcecode.swift; path = LocationJSON.swift; sourceTree = "<group>"; };
		8DCF675528CF4A9C004C9796 /* 1.json */ = {isa = PBXFileReference; fileEncoding = 4; lastKnownFileType = text.json; path = 1.json; sourceTree = "<group>"; };
		8DCF675728CF4D62004C9796 /* Extension.swift */ = {isa = PBXFileReference; lastKnownFileType = sourcecode.swift; path = Extension.swift; sourceTree = "<group>"; };
/* End PBXFileReference section */

/* Begin PBXFrameworksBuildPhase section */
		8D6A384C28C8B8EE0038C6CF /* Frameworks */ = {
			isa = PBXFrameworksBuildPhase;
			buildActionMask = 2147483647;
			files = (
			);
			runOnlyForDeploymentPostprocessing = 0;
		};
/* End PBXFrameworksBuildPhase section */

/* Begin PBXGroup section */
		8D6A384628C8B8EE0038C6CF = {
			isa = PBXGroup;
			children = (
				8D6A385128C8B8EE0038C6CF /* MindMapApp */,
				8D6A385028C8B8EE0038C6CF /* Products */,
			);
			sourceTree = "<group>";
		};
		8D6A385028C8B8EE0038C6CF /* Products */ = {
			isa = PBXGroup;
			children = (
				8D6A384F28C8B8EE0038C6CF /* MindMapApp.app */,
			);
			name = Products;
			sourceTree = "<group>";
		};
		8D6A385128C8B8EE0038C6CF /* MindMapApp */ = {
			isa = PBXGroup;
			children = (
				8D96326328CA1E24005674E3 /* Info.plist */,
				8D6A385228C8B8EE0038C6CF /* MindMapAppApp.swift */,
				8D6A385428C8B8EE0038C6CF /* ContentView.swift */,
				8DC778B428C8BDE9007C3EB5 /* DataServices */,
				8DC778AF28C8BBBD007C3EB5 /* Views */,
				8DC778B028C8BBC6007C3EB5 /* ViewModels */,
				8DC778B128C8BBE1007C3EB5 /* Models */,
				8D6A385828C8B8F10038C6CF /* Preview Content */,
				8D6A385628C8B8F10038C6CF /* Assets.xcassets */,
				8DCF675728CF4D62004C9796 /* Extension.swift */,
			);
			path = MindMapApp;
			sourceTree = "<group>";
		};
		8D6A385828C8B8F10038C6CF /* Preview Content */ = {
			isa = PBXGroup;
			children = (
				8D6A385928C8B8F10038C6CF /* Preview Assets.xcassets */,
			);
			path = "Preview Content";
			sourceTree = "<group>";
		};
		8DC778AF28C8BBBD007C3EB5 /* Views */ = {
			isa = PBXGroup;
			children = (
				8DC778B728C8BFDF007C3EB5 /* LocationView.swift */,
				8D96326128CA0B7A005674E3 /* LocationDetailView.swift */,
				8D96325F28CA0773005674E3 /* MapPinView.swift */,
				8D96325B28C8DE7E005674E3 /* LocationPreviewView.swift */,
				8DC778BB28C8D0B8007C3EB5 /* LocationsListView.swift */,
			);
			path = Views;
			sourceTree = "<group>";
		};
		8DC778B028C8BBC6007C3EB5 /* ViewModels */ = {
			isa = PBXGroup;
			children = (
				8DC778B928C8C2EF007C3EB5 /* LocationViewModel.swift */,
			);
			path = ViewModels;
			sourceTree = "<group>";
		};
		8DC778B128C8BBE1007C3EB5 /* Models */ = {
			isa = PBXGroup;
			children = (
				8DC778B228C8BC2D007C3EB5 /* Location.swift */,
				8DCF675328CF4535004C9796 /* LocationJSON.swift */,
			);
			path = Models;
			sourceTree = "<group>";
		};
		8DC778B428C8BDE9007C3EB5 /* DataServices */ = {
			isa = PBXGroup;
			children = (
				8DC778B528C8BE01007C3EB5 /* LocationsDataService.swift */,
				8DCF675528CF4A9C004C9796 /* 1.json */,
			);
			path = DataServices;
			sourceTree = "<group>";
		};
/* End PBXGroup section */

/* Begin PBXNativeTarget section */
		8D6A384E28C8B8EE0038C6CF /* MindMapApp */ = {
			isa = PBXNativeTarget;
			buildConfigurationList = 8D6A385D28C8B8F10038C6CF /* Build configuration list for PBXNativeTarget "MindMapApp" */;
			buildPhases = (
				8D6A384B28C8B8EE0038C6CF /* Sources */,
				8D6A384C28C8B8EE0038C6CF /* Frameworks */,
				8D6A384D28C8B8EE0038C6CF /* Resources */,
			);
			buildRules = (
			);
			dependencies = (
			);
			name = MindMapApp;
			productName = MindMapApp;
			productReference = 8D6A384F28C8B8EE0038C6CF /* MindMapApp.app */;
			productType = "com.apple.product-type.application";
		};
/* End PBXNativeTarget section */

/* Begin PBXProject section */
		8D6A384728C8B8EE0038C6CF /* Project object */ = {
			isa = PBXProject;
			attributes = {
				BuildIndependentTargetsInParallel = 1;
				LastSwiftUpdateCheck = 1340;
				LastUpgradeCheck = 1340;
				TargetAttributes = {
					8D6A384E28C8B8EE0038C6CF = {
						CreatedOnToolsVersion = 13.4.1;
					};
				};
			};
			buildConfigurationList = 8D6A384A28C8B8EE0038C6CF /* Build configuration list for PBXProject "MindMapApp" */;
			compatibilityVersion = "Xcode 13.0";
			developmentRegion = en;
			hasScannedForEncodings = 0;
			knownRegions = (
				en,
				Base,
			);
			mainGroup = 8D6A384628C8B8EE0038C6CF;
			productRefGroup = 8D6A385028C8B8EE0038C6CF /* Products */;
			projectDirPath = "";
			projectRoot = "";
			targets = (
				8D6A384E28C8B8EE0038C6CF /* MindMapApp */,
			);
		};
/* End PBXProject section */

/* Begin PBXResourcesBuildPhase section */
		8D6A384D28C8B8EE0038C6CF /* Resources */ = {
			isa = PBXResourcesBuildPhase;
			buildActionMask = 2147483647;
			files = (
				8D6A385A28C8B8F10038C6CF /* Preview Assets.xcassets in Resources */,
				8DCF675628CF4A9C004C9796 /* 1.json in Resources */,
				8D6A385728C8B8F10038C6CF /* Assets.xcassets in Resources */,
			);
			runOnlyForDeploymentPostprocessing = 0;
		};
/* End PBXResourcesBuildPhase section */

/* Begin PBXSourcesBuildPhase section */
		8D6A384B28C8B8EE0038C6CF /* Sources */ = {
			isa = PBXSourcesBuildPhase;
			buildActionMask = 2147483647;
			files = (
				8DC778B628C8BE01007C3EB5 /* LocationsDataService.swift in Sources */,
				8DC778BC28C8D0B8007C3EB5 /* LocationsListView.swift in Sources */,
				8D96325C28C8DE7E005674E3 /* LocationPreviewView.swift in Sources */,
				8DCF675828CF4D62004C9796 /* Extension.swift in Sources */,
				8DC778BA28C8C2EF007C3EB5 /* LocationViewModel.swift in Sources */,
				8D6A385528C8B8EE0038C6CF /* ContentView.swift in Sources */,
				8DC778B828C8BFDF007C3EB5 /* LocationView.swift in Sources */,
				8DCF675428CF4535004C9796 /* LocationJSON.swift in Sources */,
				8D96326028CA0773005674E3 /* MapPinView.swift in Sources */,
				8DC778B328C8BC2D007C3EB5 /* Location.swift in Sources */,
				8D96326228CA0B7A005674E3 /* LocationDetailView.swift in Sources */,
				8D6A385328C8B8EE0038C6CF /* MindMapAppApp.swift in Sources */,
			);
			runOnlyForDeploymentPostprocessing = 0;
		};
/* End PBXSourcesBuildPhase section */

/* Begin XCBuildConfiguration section */
		8D6A385B28C8B8F10038C6CF /* Debug */ = {
			isa = XCBuildConfiguration;
			buildSettings = {
				ALWAYS_SEARCH_USER_PATHS = NO;
				CLANG_ANALYZER_NONNULL = YES;
				CLANG_ANALYZER_NUMBER_OBJECT_CONVERSION = YES_AGGRESSIVE;
				CLANG_CXX_LANGUAGE_STANDARD = "gnu++17";
				CLANG_ENABLE_MODULES = YES;
				CLANG_ENABLE_OBJC_ARC = YES;
				CLANG_ENABLE_OBJC_WEAK = YES;
				CLANG_WARN_BLOCK_CAPTURE_AUTORELEASING = YES;
				CLANG_WARN_BOOL_CONVERSION = YES;
				CLANG_WARN_COMMA = YES;
				CLANG_WARN_CONSTANT_CONVERSION = YES;
				CLANG_WARN_DEPRECATED_OBJC_IMPLEMENTATIONS = YES;
				CLANG_WARN_DIRECT_OBJC_ISA_USAGE = YES_ERROR;
				CLANG_WARN_DOCUMENTATION_COMMENTS = YES;
				CLANG_WARN_EMPTY_BODY = YES;
				CLANG_WARN_ENUM_CONVERSION = YES;
				CLANG_WARN_INFINITE_RECURSION = YES;
				CLANG_WARN_INT_CONVERSION = YES;
				CLANG_WARN_NON_LITERAL_NULL_CONVERSION = YES;
				CLANG_WARN_OBJC_IMPLICIT_RETAIN_SELF = YES;
				CLANG_WARN_OBJC_LITERAL_CONVERSION = YES;
				CLANG_WARN_OBJC_ROOT_CLASS = YES_ERROR;
				CLANG_WARN_QUOTED_INCLUDE_IN_FRAMEWORK_HEADER = YES;
				CLANG_WARN_RANGE_LOOP_ANALYSIS = YES;
				CLANG_WARN_STRICT_PROTOTYPES = YES;
				CLANG_WARN_SUSPICIOUS_MOVE = YES;
				CLANG_WARN_UNGUARDED_AVAILABILITY = YES_AGGRESSIVE;
				CLANG_WARN_UNREACHABLE_CODE = YES;
				CLANG_WARN__DUPLICATE_METHOD_MATCH = YES;
				COPY_PHASE_STRIP = NO;
				DEBUG_INFORMATION_FORMAT = dwarf;
				ENABLE_STRICT_OBJC_MSGSEND = YES;
				ENABLE_TESTABILITY = YES;
				GCC_C_LANGUAGE_STANDARD = gnu11;
				GCC_DYNAMIC_NO_PIC = NO;
				GCC_NO_COMMON_BLOCKS = YES;
				GCC_OPTIMIZATION_LEVEL = 0;
				GCC_PREPROCESSOR_DEFINITIONS = (
					"DEBUG=1",
					"$(inherited)",
				);
				GCC_WARN_64_TO_32_BIT_CONVERSION = YES;
				GCC_WARN_ABOUT_RETURN_TYPE = YES_ERROR;
				GCC_WARN_UNDECLARED_SELECTOR = YES;
				GCC_WARN_UNINITIALIZED_AUTOS = YES_AGGRESSIVE;
				GCC_WARN_UNUSED_FUNCTION = YES;
				GCC_WARN_UNUSED_VARIABLE = YES;
				IPHONEOS_DEPLOYMENT_TARGET = 15.5;
				MTL_ENABLE_DEBUG_INFO = INCLUDE_SOURCE;
				MTL_FAST_MATH = YES;
				ONLY_ACTIVE_ARCH = YES;
				SDKROOT = iphoneos;
				SWIFT_ACTIVE_COMPILATION_CONDITIONS = DEBUG;
				SWIFT_OPTIMIZATION_LEVEL = "-Onone";
			};
			name = Debug;
		};
		8D6A385C28C8B8F10038C6CF /* Release */ = {
			isa = XCBuildConfiguration;
			buildSettings = {
				ALWAYS_SEARCH_USER_PATHS = NO;
				CLANG_ANALYZER_NONNULL = YES;
				CLANG_ANALYZER_NUMBER_OBJECT_CONVERSION = YES_AGGRESSIVE;
				CLANG_CXX_LANGUAGE_STANDARD = "gnu++17";
				CLANG_ENABLE_MODULES = YES;
				CLANG_ENABLE_OBJC_ARC = YES;
				CLANG_ENABLE_OBJC_WEAK = YES;
				CLANG_WARN_BLOCK_CAPTURE_AUTORELEASING = YES;
				CLANG_WARN_BOOL_CONVERSION = YES;
				CLANG_WARN_COMMA = YES;
				CLANG_WARN_CONSTANT_CONVERSION = YES;
				CLANG_WARN_DEPRECATED_OBJC_IMPLEMENTATIONS = YES;
				CLANG_WARN_DIRECT_OBJC_ISA_USAGE = YES_ERROR;
				CLANG_WARN_DOCUMENTATION_COMMENTS = YES;
				CLANG_WARN_EMPTY_BODY = YES;
				CLANG_WARN_ENUM_CONVERSION = YES;
				CLANG_WARN_INFINITE_RECURSION = YES;
				CLANG_WARN_INT_CONVERSION = YES;
				CLANG_WARN_NON_LITERAL_NULL_CONVERSION = YES;
				CLANG_WARN_OBJC_IMPLICIT_RETAIN_SELF = YES;
				CLANG_WARN_OBJC_LITERAL_CONVERSION = YES;
				CLANG_WARN_OBJC_ROOT_CLASS = YES_ERROR;
				CLANG_WARN_QUOTED_INCLUDE_IN_FRAMEWORK_HEADER = YES;
				CLANG_WARN_RANGE_LOOP_ANALYSIS = YES;
				CLANG_WARN_STRICT_PROTOTYPES = YES;
				CLANG_WARN_SUSPICIOUS_MOVE = YES;
				CLANG_WARN_UNGUARDED_AVAILABILITY = YES_AGGRESSIVE;
				CLANG_WARN_UNREACHABLE_CODE = YES;
				CLANG_WARN__DUPLICATE_METHOD_MATCH = YES;
				COPY_PHASE_STRIP = NO;
				DEBUG_INFORMATION_FORMAT = "dwarf-with-dsym";
				ENABLE_NS_ASSERTIONS = NO;
				ENABLE_STRICT_OBJC_MSGSEND = YES;
				GCC_C_LANGUAGE_STANDARD = gnu11;
				GCC_NO_COMMON_BLOCKS = YES;
				GCC_WARN_64_TO_32_BIT_CONVERSION = YES;
				GCC_WARN_ABOUT_RETURN_TYPE = YES_ERROR;
				GCC_WARN_UNDECLARED_SELECTOR = YES;
				GCC_WARN_UNINITIALIZED_AUTOS = YES_AGGRESSIVE;
				GCC_WARN_UNUSED_FUNCTION = YES;
				GCC_WARN_UNUSED_VARIABLE = YES;
				IPHONEOS_DEPLOYMENT_TARGET = 15.5;
				MTL_ENABLE_DEBUG_INFO = NO;
				MTL_FAST_MATH = YES;
				SDKROOT = iphoneos;
				SWIFT_COMPILATION_MODE = wholemodule;
				SWIFT_OPTIMIZATION_LEVEL = "-O";
				VALIDATE_PRODUCT = YES;
			};
			name = Release;
		};
		8D6A385E28C8B8F10038C6CF /* Debug */ = {
			isa = XCBuildConfiguration;
			buildSettings = {
				ASSETCATALOG_COMPILER_APPICON_NAME = AppIcon;
				ASSETCATALOG_COMPILER_GLOBAL_ACCENT_COLOR_NAME = AccentColor;
				CODE_SIGN_STYLE = Automatic;
				CURRENT_PROJECT_VERSION = 1;
				DEVELOPMENT_ASSET_PATHS = "\"MindMapApp/Preview Content\"";
				DEVELOPMENT_TEAM = 79GHQ256TM;
				ENABLE_PREVIEWS = YES;
				GENERATE_INFOPLIST_FILE = YES;
				INFOPLIST_FILE = MindMapApp/Info.plist;
				INFOPLIST_KEY_UIApplicationSceneManifest_Generation = YES;
				INFOPLIST_KEY_UIApplicationSupportsIndirectInputEvents = YES;
				INFOPLIST_KEY_UISupportedInterfaceOrientations = UIInterfaceOrientationPortrait;
				INFOPLIST_KEY_UISupportedInterfaceOrientations_iPad = "UIInterfaceOrientationPortrait UIInterfaceOrientationPortraitUpsideDown UIInterfaceOrientationLandscapeLeft UIInterfaceOrientationLandscapeRight";
				INFOPLIST_KEY_UISupportedInterfaceOrientations_iPhone = UIInterfaceOrientationPortrait;
				LD_RUNPATH_SEARCH_PATHS = (
					"$(inherited)",
					"@executable_path/Frameworks",
				);
				MARKETING_VERSION = 1.0;
				PRODUCT_BUNDLE_IDENTIFIER = com.manev.mikhail.MindMapApp;
				PRODUCT_NAME = "$(TARGET_NAME)";
				SWIFT_EMIT_LOC_STRINGS = YES;
				SWIFT_VERSION = 5.0;
				TARGETED_DEVICE_FAMILY = "1,2";
			};
			name = Debug;
		};
		8D6A385F28C8B8F10038C6CF /* Release */ = {
			isa = XCBuildConfiguration;
			buildSettings = {
				ASSETCATALOG_COMPILER_APPICON_NAME = AppIcon;
				ASSETCATALOG_COMPILER_GLOBAL_ACCENT_COLOR_NAME = AccentColor;
				CODE_SIGN_STYLE = Automatic;
				CURRENT_PROJECT_VERSION = 1;
				DEVELOPMENT_ASSET_PATHS = "\"MindMapApp/Preview Content\"";
				DEVELOPMENT_TEAM = 79GHQ256TM;
				ENABLE_PREVIEWS = YES;
				GENERATE_INFOPLIST_FILE = YES;
				INFOPLIST_FILE = MindMapApp/Info.plist;
				INFOPLIST_KEY_UIApplicationSceneManifest_Generation = YES;
				INFOPLIST_KEY_UIApplicationSupportsIndirectInputEvents = YES;
				INFOPLIST_KEY_UISupportedInterfaceOrientations = UIInterfaceOrientationPortrait;
				INFOPLIST_KEY_UISupportedInterfaceOrientations_iPad = "UIInterfaceOrientationPortrait UIInterfaceOrientationPortraitUpsideDown UIInterfaceOrientationLandscapeLeft UIInterfaceOrientationLandscapeRight";
				INFOPLIST_KEY_UISupportedInterfaceOrientations_iPhone = UIInterfaceOrientationPortrait;
				LD_RUNPATH_SEARCH_PATHS = (
					"$(inherited)",
					"@executable_path/Frameworks",
				);
				MARKETING_VERSION = 1.0;
				PRODUCT_BUNDLE_IDENTIFIER = com.manev.mikhail.MindMapApp;
				PRODUCT_NAME = "$(TARGET_NAME)";
				SWIFT_EMIT_LOC_STRINGS = YES;
				SWIFT_VERSION = 5.0;
				TARGETED_DEVICE_FAMILY = "1,2";
			};
			name = Release;
		};
/* End XCBuildConfiguration section */

/* Begin XCConfigurationList section */
		8D6A384A28C8B8EE0038C6CF /* Build configuration list for PBXProject "MindMapApp" */ = {
			isa = XCConfigurationList;
			buildConfigurations = (
				8D6A385B28C8B8F10038C6CF /* Debug */,
				8D6A385C28C8B8F10038C6CF /* Release */,
			);
			defaultConfigurationIsVisible = 0;
			defaultConfigurationName = Release;
		};
		8D6A385D28C8B8F10038C6CF /* Build configuration list for PBXNativeTarget "MindMapApp" */ = {
			isa = XCConfigurationList;
			buildConfigurations = (
				8D6A385E28C8B8F10038C6CF /* Debug */,
				8D6A385F28C8B8F10038C6CF /* Release */,
			);
			defaultConfigurationIsVisible = 0;
			defaultConfigurationName = Release;
		};
/* End XCConfigurationList section */
	};
	rootObject = 8D6A384728C8B8EE0038C6CF /* Project object */;
}
